
Microsoft Visual Studio Solution File, Format Version 12.00
# Visual Studio Version 17
VisualStudioVersion = 17.4.33213.308
MinimumVisualStudioVersion = 10.0.40219.1
Project("{9A19103F-16F7-4668-BE54-9A1E7A4F7556}") = "RomanNumbersCalculator", "RomanNumbersCalculator\RomanNumbersCalculator.csproj", "{AFA0356B-6F15-49D0-B3AB-59C230D8226C}"
EndProject
Project("{FAE04EC0-301F-11D3-BF4B-00C04F79EFBC}") = "UITestsForRomanNumbersCalculator", "UITestsForRomanNumbersCalculator\UITestsForRomanNumbersCalculator.csproj", "{1CF7D54A-E434-48FC-90AA-31CB23C6C7C2}"
EndProject
Global
	GlobalSection(SolutionConfigurationPlatforms) = preSolution
		Debug|Any CPU = Debug|Any CPU
		Release|Any CPU = Release|Any CPU
	EndGlobalSection
	GlobalSection(ProjectConfigurationPlatforms) = postSolution
		{AFA0356B-6F15-49D0-B3AB-59C230D8226C}.Debug|Any CPU.ActiveCfg = Debug|Any CPU
		{AFA0356B-6F15-49D0-B3AB-59C230D8226C}.Debug|Any CPU.Build.0 = Debug|Any CPU
		{AFA0356B-6F15-49D0-B3AB-59C230D8226C}.Release|Any CPU.ActiveCfg = Release|Any CPU
		{AFA0356B-6F15-49D0-B3AB-59C230D8226C}.Release|Any CPU.Build.0 = Release|Any CPU
		{1CF7D54A-E434-48FC-90AA-31CB23C6C7C2}.Debug|Any CPU.ActiveCfg = Debug|Any CPU
		{1CF7D54A-E434-48FC-90AA-31CB23C6C7C2}.Debug|Any CPU.Build.0 = Debug|Any CPU
		{1CF7D54A-E434-48FC-90AA-31CB23C6C7C2}.Release|Any CPU.ActiveCfg = Release|Any CPU
		{1CF7D54A-E434-48FC-90AA-31CB23C6C7C2}.Release|Any CPU.Build.0 = Release|Any CPU
	EndGlobalSection
	GlobalSection(SolutionProperties) = preSolution
		HideSolutionNode = FALSE
	EndGlobalSection
	GlobalSection(ExtensibilityGlobals) = postSolution
		SolutionGuid = {ACBEFC75-155E-4205-9130-B6A8B750D01A}
	EndGlobalSection
EndGlobal
